
Microsoft Visual Studio Solution File, Format Version 12.00
# Visual Studio Version 17
VisualStudioVersion = 17.7.34024.191
MinimumVisualStudioVersion = 10.0.40219.1
Project("{FAE04EC0-301F-11D3-BF4B-00C04F79EFBC}") = "Find The Missing Letter", "Find The Missing Letter\Find The Missing Letter.csproj", "{F3F6D58F-355C-4B7A-A2FF-A61B98592EA9}"
EndProject
Project("{2150E333-8FDC-42A3-9474-1A3956D46DE8}") = "Solution Items", "Solution Items", "{79EA7425-385F-4304-950C-E279CF74BFD9}"
	ProjectSection(SolutionItems) = preProject
		Instructions.txt = Instructions.txt
	EndProjectSection
EndProject
Global
	GlobalSection(SolutionConfigurationPlatforms) = preSolution
		Debug|Any CPU = Debug|Any CPU
		Release|Any CPU = Release|Any CPU
	EndGlobalSection
	GlobalSection(ProjectConfigurationPlatforms) = postSolution
		{F3F6D58F-355C-4B7A-A2FF-A61B98592EA9}.Debug|Any CPU.ActiveCfg = Debug|Any CPU
		{F3F6D58F-355C-4B7A-A2FF-A61B98592EA9}.Debug|Any CPU.Build.0 = Debug|Any CPU
		{F3F6D58F-355C-4B7A-A2FF-A61B98592EA9}.Release|Any CPU.ActiveCfg = Release|Any CPU
		{F3F6D58F-355C-4B7A-A2FF-A61B98592EA9}.Release|Any CPU.Build.0 = Release|Any CPU
	EndGlobalSection
	GlobalSection(SolutionProperties) = preSolution
		HideSolutionNode = FALSE
	EndGlobalSection
	GlobalSection(ExtensibilityGlobals) = postSolution
		SolutionGuid = {023829E3-9EF6-4A0D-A6BA-F4DB83B20236}
	EndGlobalSection
EndGlobal
